cookbook 'nginx', :locked_version => '1.4.0'
cookbook 'bluepill', :locked_version => '2.2.2'
cookbook 'rsyslog', :locked_version => '1.5.0'
cookbook 'runit', :locked_version => '0.16.2'
cookbook 'build-essential', :locked_version => '1.4.0'
cookbook 'yum', :locked_version => '2.2.0'
cookbook 'apt', :locked_version => '1.9.2'
cookbook 'ohai', :locked_version => '1.1.8'