DEPENDENCIES
  apt
  backupninja
    git: git://github.com/nbudin/backupninja-cookbook.git
    revision: 22f4771dce7240f6fccfe4b8edd1b7c143ac88b8
  build-essential
  chef-client
  docker
  git
  hostname
  htpasswd
    git: git://github.com/Youscribe/htpasswd-cookbook.git
    revision: b04ffadb2b01a98c04e7fb900a35623be70f2b48
  illyan
    path: illyan
  journey
    path: journey
  mysql
  mysql_chef_gem
  neil_email_forwarding
    path: neil_email_forwarding
  networking_basic
  nginx
  nodejs
  php-fpm
  postfix
    git: git://github.com/nbudin/postfix.git
    revision: b54d78b2b3bac7e2cf5742fe4b802ee3b908098e
  postgresql
  procon
    path: procon
  rbenv (>= 1.5.0)
  runit (~> 1.2)
  ssl (>= 1.0.8)
  sudo
  sugarpond_backups
    path: sugarpond_backups
  sugarpond_errbit
    path: sugarpond_errbit
  sugarpond_logrotate
    path: sugarpond_logrotate
  sugarpond_mysql_ssl
    path: sugarpond_mysql_ssl
  sugarpond_nginx_ssl
    path: sugarpond_nginx_ssl
  sugarpond_rubies
    path: sugarpond_rubies
  ufw
  unattended-upgrades
    git: git://github.com/firstbanco/chef-unattended-upgrades.git
    revision: c0007662f54ce060e6297d5808cc563306180dfd
  user
  vellum
    path: vellum
  yum (~> 3.0)
  yum-epel (~> 0.3)

GRAPH
  apt (2.9.2)
  ark (0.8.2)
  aufs (0.1.1)
    apt (>= 0.0.0)
    modules (>= 0.0.0)
  aws (2.2.2)
  backupninja (0.0.1)
    known_host (>= 0.0.0)
    openssl (>= 0.0.0)
  bluepill (2.3.1)
    rsyslog (>= 0.0.0)
  build-essential (2.0.2)
  chef-client (3.5.0)
    cron (>= 1.2.0)
    logrotate (>= 1.2.0)
  chef_handler (1.4.0)
  cron (1.4.0)
  database (2.2.0)
    aws (>= 0.0.0)
    mysql (>= 5.0.0)
    mysql-chef_gem (>= 0.0.0)
    postgresql (>= 1.0.0)
    xfs (>= 0.0.0)
  device-mapper (0.1.0)
    apt (>= 0.0.0)
    modules (>= 0.0.0)
  dmg (2.4.0)
  docker (0.35.2)
    apt (>= 0.0.0)
    aufs (>= 0.1.1)
    device-mapper (>= 0.1.0)
    git (>= 0.0.0)
    golang (>= 0.0.0)
    homebrew (>= 0.0.0)
    iptables (>= 0.0.0)
    lxc (>= 1.1.6)
    modules (>= 0.0.0)
    runit (>= 0.0.0)
    sysctl (>= 0.0.0)
    yum-epel (>= 0.0.0)
  dpkg_autostart (0.2.0)
  firewall (0.11.8)
  git (4.5.0)
    build-essential (>= 0.0.0)
    dmg (>= 0.0.0)
    windows (>= 0.0.0)
    yum-epel (>= 0.0.0)
  golang (1.7.0)
  homebrew (1.10.0)
  hostname (0.3.0)
    hostsfile (>= 0.0.0)
  hostsfile (2.4.5)
  htpasswd (0.1.6)
    python (>= 0.0.0)
    ruby (>= 0.0.0)
  illyan (0.1.0)
    database (>= 0.0.0)
  iptables (2.2.0)
  iptables-ng (2.2.11)
  journey (0.1.0)
    database (>= 0.0.0)
  known_host (0.1.3)
  logrotate (1.5.0)
  lxc (2.0.0)
    dpkg_autostart (>= 0.1.10)
    iptables-ng (>= 0.0.0)
    polipo (>= 0.0.0)
  mariadb (0.2.12)
    apt (>= 0.0.0)
    yum (>= 0.0.0)
    yum-epel (>= 0.0.0)
  modules (0.2.0)
  mysql (5.2.12)
  mysql-chef_gem (1.0.0)
    build-essential (>= 0.0.0)
  mysql_chef_gem (2.0.2)
    build-essential (>= 0.0.0)
    mariadb (>= 0.0.0)
    mysql (>= 0.0.0)
  neil_email_forwarding (0.1.0)
  networking_basic (0.0.7)
  nginx (2.7.2)
    apt (~> 2.2)
    bluepill (~> 2.3)
    build-essential (~> 2.0)
    ohai (~> 2.0)
    runit (~> 1.2)
    yum-epel (~> 0.3)
  nodejs (2.1.0)
    apt (>= 0.0.0)
    ark (>= 0.0.0)
    build-essential (>= 0.0.0)
    yum-epel (>= 0.0.0)
  ohai (2.0.0)
  openssl (1.1.0)
  packagecloud (0.2.0)
  php-fpm (0.7.4)
    apt (>= 0.0.0)
    yum (>= 3.0)
  polipo (0.1.0)
  postfix (2.1.4)
  postgresql (3.4.0)
    apt (>= 1.9.0)
    build-essential (>= 0.0.0)
    openssl (>= 0.0.0)
  procon (0.1.0)
    database (>= 0.0.0)
    docker (>= 0.0.0)
    mysql-chef_gem (>= 0.0.0)
  python (1.4.6)
    build-essential (>= 0.0.0)
    yum-epel (>= 0.0.0)
  rbenv (1.7.1)
    apt (>= 0.0.0)
    build-essential (>= 0.0.0)
    git (>= 0.0.0)
    ohai (>= 1.1)
  rsyslog (1.12.2)
  ruby (0.9.2)
  runit (1.7.8)
    packagecloud (>= 0.0.0)
  ssl (1.1.0)
  sudo (2.6.0)
  sugarpond_backups (0.1.0)
    backupninja (>= 0.0.0)
    python (>= 0.0.0)
  sugarpond_errbit (0.1.0)
  sugarpond_logrotate (0.1.0)
  sugarpond_mysql_ssl (0.1.0)
    mysql (>= 5.0.0)
    ssl (>= 0.0.0)
  sugarpond_nginx_ssl (0.1.0)
  sugarpond_rubies (0.1.0)
    rbenv (>= 0.0.0)
  sysctl (0.7.0)
    ohai (>= 0.0.0)
  ufw (0.7.4)
    firewall (>= 0.9.0)
  unattended-upgrades (1.0.0)
    apt (>= 0.0.0)
  user (0.3.0)
  vellum (0.1.0)
    database (>= 0.0.0)
    nodejs (>= 0.0.0)
  windows (1.41.0)
    chef_handler (>= 0.0.0)
  xfs (1.1.0)
  yum (3.2.0)
  yum-epel (0.6.5)
    yum (~> 3.2)
